
Microsoft Visual Studio Solution File, Format Version 12.00
# Visual Studio Version 17
VisualStudioVersion = 17.5.002.0
MinimumVisualStudioVersion = 10.0.40219.1
Project("{9A19103F-16F7-4668-BE54-9A1E7A4F7556}") = "BlazingPizza", "BlazingPizza.csproj", "{AA2B2F1D-4822-47A0-B7FA-214990ABC779}"
EndProject
Global
	GlobalSection(SolutionConfigurationPlatforms) = preSolution
		Debug|Any CPU = Debug|Any CPU
		Release|Any CPU = Release|Any CPU
	EndGlobalSection
	GlobalSection(ProjectConfigurationPlatforms) = postSolution
		{AA2B2F1D-4822-47A0-B7FA-214990ABC779}.Debug|Any CPU.ActiveCfg = Debug|Any CPU
		{AA2B2F1D-4822-47A0-B7FA-214990ABC779}.Debug|Any CPU.Build.0 = Debug|Any CPU
		{AA2B2F1D-4822-47A0-B7FA-214990ABC779}.Release|Any CPU.ActiveCfg = Release|Any CPU
		{AA2B2F1D-4822-47A0-B7FA-214990ABC779}.Release|Any CPU.Build.0 = Release|Any CPU
	EndGlobalSection
	GlobalSection(SolutionProperties) = preSolution
		HideSolutionNode = FALSE
	EndGlobalSection
	GlobalSection(ExtensibilityGlobals) = postSolution
		SolutionGuid = {9884D21D-83CA-40CB-BF4A-18E7493FAEE0}
	EndGlobalSection
EndGlobal
